
Microsoft Visual Studio Solution File, Format Version 12.00
# Visual Studio 15
VisualStudioVersion = 15.0.26730.16
MinimumVisualStudioVersion = 10.0.40219.1
Project("{FAE04EC0-301F-11D3-BF4B-00C04F79EFBC}") = "ImageResizer.Plugins.PdfiumRenderer2", "ImageResizer.Plugins.PdfiumRenderer2\ImageResizer.Plugins.PdfiumRenderer2.csproj", "{9BBB0334-D283-47D4-89AD-96FBE4487FB2}"
EndProject
Project("{FAE04EC0-301F-11D3-BF4B-00C04F79EFBC}") = "ImageResizer.Plugins.PdfiumRenderer2.Tests", "ImageResizer.Plugins.PdfiumRenderer2.Tests\ImageResizer.Plugins.PdfiumRenderer2.Tests.csproj", "{E0CF6F7D-EF4E-4A9E-90E6-22AB43A8BEE6}"
EndProject
Project("{FAE04EC0-301F-11D3-BF4B-00C04F79EFBC}") = "PdfiumRenderer2PluginWeb", "PdfiumRenderer2PluginWeb\PdfiumRenderer2PluginWeb.csproj", "{DFD28781-048D-4678-B499-34BD5BFDD350}"
EndProject
Global
	GlobalSection(SolutionConfigurationPlatforms) = preSolution
		Debug|Any CPU = Debug|Any CPU
		Release|Any CPU = Release|Any CPU
	EndGlobalSection
	GlobalSection(ProjectConfigurationPlatforms) = postSolution
		{9BBB0334-D283-47D4-89AD-96FBE4487FB2}.Debug|Any CPU.ActiveCfg = Debug|Any CPU
		{9BBB0334-D283-47D4-89AD-96FBE4487FB2}.Debug|Any CPU.Build.0 = Debug|Any CPU
		{9BBB0334-D283-47D4-89AD-96FBE4487FB2}.Release|Any CPU.ActiveCfg = Release|Any CPU
		{9BBB0334-D283-47D4-89AD-96FBE4487FB2}.Release|Any CPU.Build.0 = Release|Any CPU
		{E0CF6F7D-EF4E-4A9E-90E6-22AB43A8BEE6}.Debug|Any CPU.ActiveCfg = Debug|Any CPU
		{E0CF6F7D-EF4E-4A9E-90E6-22AB43A8BEE6}.Debug|Any CPU.Build.0 = Debug|Any CPU
		{E0CF6F7D-EF4E-4A9E-90E6-22AB43A8BEE6}.Release|Any CPU.ActiveCfg = Release|Any CPU
		{E0CF6F7D-EF4E-4A9E-90E6-22AB43A8BEE6}.Release|Any CPU.Build.0 = Release|Any CPU
		{DFD28781-048D-4678-B499-34BD5BFDD350}.Debug|Any CPU.ActiveCfg = Debug|Any CPU
		{DFD28781-048D-4678-B499-34BD5BFDD350}.Debug|Any CPU.Build.0 = Debug|Any CPU
		{DFD28781-048D-4678-B499-34BD5BFDD350}.Release|Any CPU.ActiveCfg = Release|Any CPU
		{DFD28781-048D-4678-B499-34BD5BFDD350}.Release|Any CPU.Build.0 = Release|Any CPU
	EndGlobalSection
	GlobalSection(SolutionProperties) = preSolution
		HideSolutionNode = FALSE
	EndGlobalSection
	GlobalSection(ExtensibilityGlobals) = postSolution
		SolutionGuid = {0C681026-43D9-4F66-AEF9-237E0BEA571D}
	EndGlobalSection
EndGlobal
